# THIS IS AN AUTOGENERATED FILE. DO NOT EDIT THIS FILE DIRECTLY.
# yarn lockfile v1


react-icons@^5.6.0:
  version "5.6.0"
  resolved "https://registry.yarnpkg.com/react-icons/-/react-icons-5.6.0.tgz#27bcc4acbc836e762548d76041cf9b9fef4e3837"
  integrity sha512-RH93p5ki6LfOiIt0UtDyNg/cee+HLVR6cHHtW3wALfo+eOHTp8RnU2kRkI6E+H19zMIs03DyxUG/GfZMOGvmiA==
